
Microsoft Visual Studio Solution File, Format Version 12.00
# Visual Studio 15
VisualStudioVersion = 15.0.26430.13
MinimumVisualStudioVersion = 10.0.40219.1
Project("{FAE04EC0-301F-11D3-BF4B-00C04F79EFBC}") = "DBLayer.Core", "DBLayer.Core\DBLayer.Core.csproj", "{EF97D0A4-93C0-4744-8CC9-50E0B224BFFF}"
EndProject
Project("{FAE04EC0-301F-11D3-BF4B-00C04F79EFBC}") = "DBLayer.Persistence", "DBLayer.Persistence\DBLayer.Persistence.csproj", "{937E96AB-6C68-4C03-A3E7-12E4C565FF20}"
EndProject
Project("{FAE04EC0-301F-11D3-BF4B-00C04F79EFBC}") = "DBLayer.Test", "DBLayer.Test\DBLayer.Test.csproj", "{608BB17A-5067-4CD5-A358-5CCCAAB030D4}"
EndProject
Global
	GlobalSection(SolutionConfigurationPlatforms) = preSolution
		Debug|Any CPU = Debug|Any CPU
		Release|Any CPU = Release|Any CPU
	EndGlobalSection
	GlobalSection(ProjectConfigurationPlatforms) = postSolution
		{EF97D0A4-93C0-4744-8CC9-50E0B224BFFF}.Debug|Any CPU.ActiveCfg = Debug|Any CPU
		{EF97D0A4-93C0-4744-8CC9-50E0B224BFFF}.Debug|Any CPU.Build.0 = Debug|Any CPU
		{EF97D0A4-93C0-4744-8CC9-50E0B224BFFF}.Release|Any CPU.ActiveCfg = Release|Any CPU
		{EF97D0A4-93C0-4744-8CC9-50E0B224BFFF}.Release|Any CPU.Build.0 = Release|Any CPU
		{937E96AB-6C68-4C03-A3E7-12E4C565FF20}.Debug|Any CPU.ActiveCfg = Debug|Any CPU
		{937E96AB-6C68-4C03-A3E7-12E4C565FF20}.Debug|Any CPU.Build.0 = Debug|Any CPU
		{937E96AB-6C68-4C03-A3E7-12E4C565FF20}.Release|Any CPU.ActiveCfg = Release|Any CPU
		{937E96AB-6C68-4C03-A3E7-12E4C565FF20}.Release|Any CPU.Build.0 = Release|Any CPU
		{608BB17A-5067-4CD5-A358-5CCCAAB030D4}.Debug|Any CPU.ActiveCfg = Debug|Any CPU
		{608BB17A-5067-4CD5-A358-5CCCAAB030D4}.Debug|Any CPU.Build.0 = Debug|Any CPU
		{608BB17A-5067-4CD5-A358-5CCCAAB030D4}.Release|Any CPU.ActiveCfg = Release|Any CPU
		{608BB17A-5067-4CD5-A358-5CCCAAB030D4}.Release|Any CPU.Build.0 = Release|Any CPU
	EndGlobalSection
	GlobalSection(SolutionProperties) = preSolution
		HideSolutionNode = FALSE
	EndGlobalSection
EndGlobal
